// !$*UTF8*$!
{
	archiveVersion = 1;
	classes = {
	};
	objectVersion = 56;
	objects = {

/* Begin PBXBuildFile section */
		A10000000000000000000001 /* ForjaAppApp.swift in Sources */ = {isa = PBXBuildFile; fileRef = A20000000000000000000001 /* ForjaAppApp.swift */; };
		A10000000000000000000002 /* ContentView.swift in Sources */ = {isa = PBXBuildFile; fileRef = A20000000000000000000002 /* ContentView.swift */; };
		A10000000000000000000003 /* ForgeSessionState.swift in Sources */ = {isa = PBXBuildFile; fileRef = A20000000000000000000003 /* ForgeSessionState.swift */; };
		A10000000000000000000004 /* ShopItem.swift in Sources */ = {isa = PBXBuildFile; fileRef = A20000000000000000000004 /* ShopItem.swift */; };
		A10000000000000000000005 /* UserProgress.swift in Sources */ = {isa = PBXBuildFile; fileRef = A20000000000000000000005 /* UserProgress.swift */; };
		A10000000000000000000006 /* Color+Hex.swift in Sources */ = {isa = PBXBuildFile; fileRef = A20000000000000000000006 /* Color+Hex.swift */; };
		A10000000000000000000007 /* ForgeTimerService.swift in Sources */ = {isa = PBXBuildFile; fileRef = A20000000000000000000007 /* ForgeTimerService.swift */; };
		A10000000000000000000008 /* FocusMonitor.swift in Sources */ = {isa = PBXBuildFile; fileRef = A20000000000000000000008 /* FocusMonitor.swift */; };
		A10000000000000000000009 /* ShopCatalog.swift in Sources */ = {isa = PBXBuildFile; fileRef = A20000000000000000000009 /* ShopCatalog.swift */; };
		A1000000000000000000000A /* InventoryManager.swift in Sources */ = {isa = PBXBuildFile; fileRef = A2000000000000000000000A /* InventoryManager.swift */; };
		A1000000000000000000000B /* FirebaseManager.swift in Sources */ = {isa = PBXBuildFile; fileRef = A2000000000000000000000B /* FirebaseManager.swift */; };
		A1000000000000000000000C /* ForgeViewModel.swift in Sources */ = {isa = PBXBuildFile; fileRef = A2000000000000000000000C /* ForgeViewModel.swift */; };
		A1000000000000000000000D /* MainTabView.swift in Sources */ = {isa = PBXBuildFile; fileRef = A2000000000000000000000D /* MainTabView.swift */; };
		A1000000000000000000000E /* ForgeView.swift in Sources */ = {isa = PBXBuildFile; fileRef = A2000000000000000000000E /* ForgeView.swift */; };
		A1000000000000000000000F /* TimerSetupView.swift in Sources */ = {isa = PBXBuildFile; fileRef = A2000000000000000000000F /* TimerSetupView.swift */; };
		A10000000000000000000010 /* ResultOverlayView.swift in Sources */ = {isa = PBXBuildFile; fileRef = A20000000000000000000010 /* ResultOverlayView.swift */; };
		A10000000000000000000011 /* InventoryView.swift in Sources */ = {isa = PBXBuildFile; fileRef = A20000000000000000000011 /* InventoryView.swift */; };
		A10000000000000000000012 /* ShopView.swift in Sources */ = {isa = PBXBuildFile; fileRef = A20000000000000000000012 /* ShopView.swift */; };
		A10000000000000000000013 /* ForgeBackgroundView.swift in Sources */ = {isa = PBXBuildFile; fileRef = A20000000000000000000013 /* ForgeBackgroundView.swift */; };
		A10000000000000000000014 /* ForgeSceneView.swift in Sources */ = {isa = PBXBuildFile; fileRef = A20000000000000000000014 /* ForgeSceneView.swift */; };
		A10000000000000000000015 /* ForgeFireView.swift in Sources */ = {isa = PBXBuildFile; fileRef = A20000000000000000000015 /* ForgeFireView.swift */; };
		A10000000000000000000016 /* OreForgeView.swift in Sources */ = {isa = PBXBuildFile; fileRef = A20000000000000000000016 /* OreForgeView.swift */; };
		A10000000000000000000017 /* SparkParticlesView.swift in Sources */ = {isa = PBXBuildFile; fileRef = A20000000000000000000017 /* SparkParticlesView.swift */; };
		A10000000000000000000018 /* ButtonStyles.swift in Sources */ = {isa = PBXBuildFile; fileRef = A20000000000000000000018 /* ButtonStyles.swift */; };
		A10000000000000000000019 /* Assets.xcassets in Resources */ = {isa = PBXBuildFile; fileRef = A20000000000000000000019 /* Assets.xcassets */; };
		A1000000000000000000001A /* FirebaseAuth in Frameworks */ = {isa = PBXBuildFile; productRef = A50000000000000000000002 /* FirebaseAuth */; };
		A1000000000000000000001B /* FirebaseFirestore in Frameworks */ = {isa = PBXBuildFile; productRef = A50000000000000000000003 /* FirebaseFirestore */; };
		A1000000000000000000001C /* GoogleService-Info.plist in Resources */ = {isa = PBXBuildFile; fileRef = A2000000000000000000001C /* GoogleService-Info.plist */; };
		A1000000000000000000001D /* UserProfile.swift in Sources */ = {isa = PBXBuildFile; fileRef = A2000000000000000000001D /* UserProfile.swift */; };
		A1000000000000000000001E /* ProfileViewModel.swift in Sources */ = {isa = PBXBuildFile; fileRef = A2000000000000000000001E /* ProfileViewModel.swift */; };
		A1000000000000000000001F /* ProfileView.swift in Sources */ = {isa = PBXBuildFile; fileRef = A2000000000000000000001F /* ProfileView.swift */; };
		A10000000000000000000020 /* AnvilView.swift in Sources */ = {isa = PBXBuildFile; fileRef = A20000000000000000000020 /* AnvilView.swift */; };
		A10000000000000000000021 /* GoogleSignIn in Frameworks */ = {isa = PBXBuildFile; productRef = A50000000000000000000005 /* GoogleSignIn */; };
		A10000000000000000000022 /* GoogleSignInService.swift in Sources */ = {isa = PBXBuildFile; fileRef = A20000000000000000000021 /* GoogleSignInService.swift */; };
		A10000000000000000000023 /* FocusTimeChartView.swift in Sources */ = {isa = PBXBuildFile; fileRef = A20000000000000000000022 /* FocusTimeChartView.swift */; };
		A10000000000000000000024 /* ProfileImageStore.swift in Sources */ = {isa = PBXBuildFile; fileRef = A20000000000000000000023 /* ProfileImageStore.swift */; };
		A10000000000000000000025 /* ProfileAvatarView.swift in Sources */ = {isa = PBXBuildFile; fileRef = A20000000000000000000024 /* ProfileAvatarView.swift */; };
		A10000000000000000000026 /* Avatars.xcassets in Resources */ = {isa = PBXBuildFile; fileRef = C20000000000000000000008 /* Avatars.xcassets */; };
		A10000000000000000000027 /* PrivacyInfo.xcprivacy in Resources */ = {isa = PBXBuildFile; fileRef = B2000000000000000000001C /* PrivacyInfo.xcprivacy */; };
		B10000000000000000000018 /* AppleSignInService.swift in Sources */ = {isa = PBXBuildFile; fileRef = B2000000000000000000001A /* AppleSignInService.swift */; };
		B1000000000000000000001A /* LegalViews.swift in Sources */ = {isa = PBXBuildFile; fileRef = B2000000000000000000001B /* LegalViews.swift */; };
		B10000000000000000000001 /* MedievalAvatar.swift in Sources */ = {isa = PBXBuildFile; fileRef = B20000000000000000000001 /* MedievalAvatar.swift */; };
		B10000000000000000000002 /* CosmeticCatalog.swift in Sources */ = {isa = PBXBuildFile; fileRef = B20000000000000000000002 /* CosmeticCatalog.swift */; };
		B10000000000000000000003 /* StoreProductID.swift in Sources */ = {isa = PBXBuildFile; fileRef = B20000000000000000000003 /* StoreProductID.swift */; };
		B10000000000000000000004 /* SocialModels.swift in Sources */ = {isa = PBXBuildFile; fileRef = B20000000000000000000004 /* SocialModels.swift */; };
		B10000000000000000000005 /* AppGroupStore.swift in Sources */ = {isa = PBXBuildFile; fileRef = B20000000000000000000005 /* AppGroupStore.swift */; };
		B10000000000000000000006 /* ForgeActivityAttributes.swift in Sources */ = {isa = PBXBuildFile; fileRef = B20000000000000000000006 /* ForgeActivityAttributes.swift */; };
		B10000000000000000000007 /* StoreManager.swift in Sources */ = {isa = PBXBuildFile; fileRef = B20000000000000000000007 /* StoreManager.swift */; };
		B10000000000000000000008 /* EntitlementStore.swift in Sources */ = {isa = PBXBuildFile; fileRef = B20000000000000000000008 /* EntitlementStore.swift */; };
		B10000000000000000000009 /* NotificationScheduler.swift in Sources */ = {isa = PBXBuildFile; fileRef = B20000000000000000000009 /* NotificationScheduler.swift */; };
		B1000000000000000000000A /* LiveActivityController.swift in Sources */ = {isa = PBXBuildFile; fileRef = B2000000000000000000000A /* LiveActivityController.swift */; };
		B1000000000000000000000B /* AchievementShareRenderer.swift in Sources */ = {isa = PBXBuildFile; fileRef = B2000000000000000000000B /* AchievementShareRenderer.swift */; };
		B1000000000000000000000C /* SocialService.swift in Sources */ = {isa = PBXBuildFile; fileRef = B2000000000000000000000C /* SocialService.swift */; };
		B1000000000000000000000D /* OnboardingView.swift in Sources */ = {isa = PBXBuildFile; fileRef = B2000000000000000000000D /* OnboardingView.swift */; };
		B1000000000000000000000E /* TrailMapView.swift in Sources */ = {isa = PBXBuildFile; fileRef = B2000000000000000000000E /* TrailMapView.swift */; };
		B1000000000000000000000F /* SocialHubView.swift in Sources */ = {isa = PBXBuildFile; fileRef = B2000000000000000000000F /* SocialHubView.swift */; };
		B10000000000000000000010 /* SubscriptionPaywallView.swift in Sources */ = {isa = PBXBuildFile; fileRef = B20000000000000000000010 /* SubscriptionPaywallView.swift */; };
		B10000000000000000000011 /* FocusModeSettingsView.swift in Sources */ = {isa = PBXBuildFile; fileRef = B20000000000000000000011 /* FocusModeSettingsView.swift */; };
		B10000000000000000000012 /* WeeklyTrailMapView.swift in Sources */ = {isa = PBXBuildFile; fileRef = B20000000000000000000012 /* WeeklyTrailMapView.swift */; };
		B10000000000000000000013 /* OreChallengeLadder.swift in Sources */ = {isa = PBXBuildFile; fileRef = B20000000000000000000015 /* OreChallengeLadder.swift */; };
		B10000000000000000000014 /* MedievalBackdropView.swift in Sources */ = {isa = PBXBuildFile; fileRef = B20000000000000000000016 /* MedievalBackdropView.swift */; };
		B10000000000000000000015 /* MedievalFocusCopy.swift in Sources */ = {isa = PBXBuildFile; fileRef = B20000000000000000000017 /* MedievalFocusCopy.swift */; };
		B10000000000000000000016 /* MedievalYearlyQuotes.swift in Sources */ = {isa = PBXBuildFile; fileRef = B20000000000000000000018 /* MedievalYearlyQuotes.swift */; };
		B10000000000000000000017 /* SocialStoryShare.swift in Sources */ = {isa = PBXBuildFile; fileRef = B20000000000000000000019 /* SocialStoryShare.swift */; };
		C10000000000000000000001 /* ForjaWidgetsBundle.swift in Sources */ = {isa = PBXBuildFile; fileRef = C20000000000000000000001 /* ForjaWidgetsBundle.swift */; };
		C10000000000000000000002 /* StreakWidget.swift in Sources */ = {isa = PBXBuildFile; fileRef = C20000000000000000000002 /* StreakWidget.swift */; };
		C10000000000000000000003 /* ForgeLiveActivity.swift in Sources */ = {isa = PBXBuildFile; fileRef = C20000000000000000000003 /* ForgeLiveActivity.swift */; };
		C10000000000000000000004 /* AppGroupStore.swift in Sources */ = {isa = PBXBuildFile; fileRef = B20000000000000000000005 /* AppGroupStore.swift */; };
		C10000000000000000000005 /* ForgeActivityAttributes.swift in Sources */ = {isa = PBXBuildFile; fileRef = B20000000000000000000006 /* ForgeActivityAttributes.swift */; };
		C10000000000000000000006 /* Color+Hex.swift in Sources */ = {isa = PBXBuildFile; fileRef = A20000000000000000000006 /* Color+Hex.swift */; };
		C10000000000000000000007 /* ForjaWidgets.appex in Embed Foundation Extensions */ = {isa = PBXBuildFile; fileRef = C20000000000000000000006 /* ForjaWidgets.appex */; settings = {ATTRIBUTES = (RemoveHeadersOnCopy, ); }; };
		C10000000000000000000008 /* Avatars.xcassets in Resources */ = {isa = PBXBuildFile; fileRef = C20000000000000000000008 /* Avatars.xcassets */; };
		C10000000000000000000009 /* PrivacyInfo.xcprivacy in Resources */ = {isa = PBXBuildFile; fileRef = C20000000000000000000009 /* PrivacyInfo.xcprivacy */; };
/* End PBXBuildFile section */

/* Begin PBXContainerItemProxy section */
		C30000000000000000000001 /* PBXContainerItemProxy */ = {
			isa = PBXContainerItemProxy;
			containerPortal = A70000000000000000000001 /* Project object */;
			proxyType = 1;
			remoteGlobalIDString = C60000000000000000000001;
			remoteInfo = ForjaWidgets;
		};
/* End PBXContainerItemProxy section */

/* Begin PBXCopyFilesBuildPhase section */
		C40000000000000000000001 /* Embed Foundation Extensions */ = {
			isa = PBXCopyFilesBuildPhase;
			buildActionMask = 2147483647;
			dstPath = "";
			dstSubfolderSpec = 13;
			files = (
				C10000000000000000000007 /* ForjaWidgets.appex in Embed Foundation Extensions */,
			);
			name = "Embed Foundation Extensions";
			runOnlyForDeploymentPostprocessing = 0;
		};
/* End PBXCopyFilesBuildPhase section */

/* Begin PBXFileReference section */
		A20000000000000000000001 /* ForjaAppApp.swift */ = {isa = PBXFileReference; lastKnownFileType = sourcecode.swift; path = ForjaAppApp.swift; sourceTree = "<group>"; };
		A20000000000000000000002 /* ContentView.swift */ = {isa = PBXFileReference; lastKnownFileType = sourcecode.swift; path = ContentView.swift; sourceTree = "<group>"; };
		A20000000000000000000003 /* ForgeSessionState.swift */ = {isa = PBXFileReference; lastKnownFileType = sourcecode.swift; path = ForgeSessionState.swift; sourceTree = "<group>"; };
		A20000000000000000000004 /* ShopItem.swift */ = {isa = PBXFileReference; lastKnownFileType = sourcecode.swift; path = ShopItem.swift; sourceTree = "<group>"; };
		A20000000000000000000005 /* UserProgress.swift */ = {isa = PBXFileReference; lastKnownFileType = sourcecode.swift; path = UserProgress.swift; sourceTree = "<group>"; };
		A20000000000000000000006 /* Color+Hex.swift */ = {isa = PBXFileReference; lastKnownFileType = sourcecode.swift; path = "Color+Hex.swift"; sourceTree = "<group>"; };
		A20000000000000000000007 /* ForgeTimerService.swift */ = {isa = PBXFileReference; lastKnownFileType = sourcecode.swift; path = ForgeTimerService.swift; sourceTree = "<group>"; };
		A20000000000000000000008 /* FocusMonitor.swift */ = {isa = PBXFileReference; lastKnownFileType = sourcecode.swift; path = FocusMonitor.swift; sourceTree = "<group>"; };
		A20000000000000000000009 /* ShopCatalog.swift */ = {isa = PBXFileReference; lastKnownFileType = sourcecode.swift; path = ShopCatalog.swift; sourceTree = "<group>"; };
		A2000000000000000000000A /* InventoryManager.swift */ = {isa = PBXFileReference; lastKnownFileType = sourcecode.swift; path = InventoryManager.swift; sourceTree = "<group>"; };
		A2000000000000000000000B /* FirebaseManager.swift */ = {isa = PBXFileReference; lastKnownFileType = sourcecode.swift; path = FirebaseManager.swift; sourceTree = "<group>"; };
		A2000000000000000000000C /* ForgeViewModel.swift */ = {isa = PBXFileReference; lastKnownFileType = sourcecode.swift; path = ForgeViewModel.swift; sourceTree = "<group>"; };
		A2000000000000000000000D /* MainTabView.swift */ = {isa = PBXFileReference; lastKnownFileType = sourcecode.swift; path = MainTabView.swift; sourceTree = "<group>"; };
		A2000000000000000000000E /* ForgeView.swift */ = {isa = PBXFileReference; lastKnownFileType = sourcecode.swift; path = ForgeView.swift; sourceTree = "<group>"; };
		A2000000000000000000000F /* TimerSetupView.swift */ = {isa = PBXFileReference; lastKnownFileType = sourcecode.swift; path = TimerSetupView.swift; sourceTree = "<group>"; };
		A20000000000000000000010 /* ResultOverlayView.swift */ = {isa = PBXFileReference; lastKnownFileType = sourcecode.swift; path = ResultOverlayView.swift; sourceTree = "<group>"; };
		A20000000000000000000011 /* InventoryView.swift */ = {isa = PBXFileReference; lastKnownFileType = sourcecode.swift; path = InventoryView.swift; sourceTree = "<group>"; };
		A20000000000000000000012 /* ShopView.swift */ = {isa = PBXFileReference; lastKnownFileType = sourcecode.swift; path = ShopView.swift; sourceTree = "<group>"; };
		A20000000000000000000013 /* ForgeBackgroundView.swift */ = {isa = PBXFileReference; lastKnownFileType = sourcecode.swift; path = ForgeBackgroundView.swift; sourceTree = "<group>"; };
		A20000000000000000000014 /* ForgeSceneView.swift */ = {isa = PBXFileReference; lastKnownFileType = sourcecode.swift; path = ForgeSceneView.swift; sourceTree = "<group>"; };
		A20000000000000000000015 /* ForgeFireView.swift */ = {isa = PBXFileReference; lastKnownFileType = sourcecode.swift; path = ForgeFireView.swift; sourceTree = "<group>"; };
		A20000000000000000000016 /* OreForgeView.swift */ = {isa = PBXFileReference; lastKnownFileType = sourcecode.swift; path = OreForgeView.swift; sourceTree = "<group>"; };
		A20000000000000000000017 /* SparkParticlesView.swift */ = {isa = PBXFileReference; lastKnownFileType = sourcecode.swift; path = SparkParticlesView.swift; sourceTree = "<group>"; };
		A20000000000000000000018 /* ButtonStyles.swift */ = {isa = PBXFileReference; lastKnownFileType = sourcecode.swift; path = ButtonStyles.swift; sourceTree = "<group>"; };
		A20000000000000000000019 /* Assets.xcassets */ = {isa = PBXFileReference; lastKnownFileType = folder.assetcatalog; path = Assets.xcassets; sourceTree = "<group>"; };
		A2000000000000000000001A /* Info.plist */ = {isa = PBXFileReference; lastKnownFileType = text.plist.xml; path = Info.plist; sourceTree = "<group>"; };
		A2000000000000000000001B /* ForjaApp.app */ = {isa = PBXFileReference; explicitFileType = wrapper.application; includeInIndex = 0; path = ForjaApp.app; sourceTree = BUILT_PRODUCTS_DIR; };
		A2000000000000000000001C /* GoogleService-Info.plist */ = {isa = PBXFileReference; lastKnownFileType = text.plist.xml; path = "GoogleService-Info.plist"; sourceTree = "<group>"; };
		A2000000000000000000001D /* UserProfile.swift */ = {isa = PBXFileReference; lastKnownFileType = sourcecode.swift; path = UserProfile.swift; sourceTree = "<group>"; };
		A2000000000000000000001E /* ProfileViewModel.swift */ = {isa = PBXFileReference; lastKnownFileType = sourcecode.swift; path = ProfileViewModel.swift; sourceTree = "<group>"; };
		A2000000000000000000001F /* ProfileView.swift */ = {isa = PBXFileReference; lastKnownFileType = sourcecode.swift; path = ProfileView.swift; sourceTree = "<group>"; };
		A20000000000000000000020 /* AnvilView.swift */ = {isa = PBXFileReference; lastKnownFileType = sourcecode.swift; path = AnvilView.swift; sourceTree = "<group>"; };
		A20000000000000000000021 /* GoogleSignInService.swift */ = {isa = PBXFileReference; lastKnownFileType = sourcecode.swift; path = GoogleSignInService.swift; sourceTree = "<group>"; };
		A20000000000000000000022 /* FocusTimeChartView.swift */ = {isa = PBXFileReference; lastKnownFileType = sourcecode.swift; path = FocusTimeChartView.swift; sourceTree = "<group>"; };
		A20000000000000000000023 /* ProfileImageStore.swift */ = {isa = PBXFileReference; lastKnownFileType = sourcecode.swift; path = ProfileImageStore.swift; sourceTree = "<group>"; };
		A20000000000000000000024 /* ProfileAvatarView.swift */ = {isa = PBXFileReference; lastKnownFileType = sourcecode.swift; path = ProfileAvatarView.swift; sourceTree = "<group>"; };
		B20000000000000000000001 /* MedievalAvatar.swift */ = {isa = PBXFileReference; lastKnownFileType = sourcecode.swift; path = MedievalAvatar.swift; sourceTree = "<group>"; };
		B20000000000000000000002 /* CosmeticCatalog.swift */ = {isa = PBXFileReference; lastKnownFileType = sourcecode.swift; path = CosmeticCatalog.swift; sourceTree = "<group>"; };
		B20000000000000000000003 /* StoreProductID.swift */ = {isa = PBXFileReference; lastKnownFileType = sourcecode.swift; path = StoreProductID.swift; sourceTree = "<group>"; };
		B20000000000000000000004 /* SocialModels.swift */ = {isa = PBXFileReference; lastKnownFileType = sourcecode.swift; path = SocialModels.swift; sourceTree = "<group>"; };
		B20000000000000000000005 /* AppGroupStore.swift */ = {isa = PBXFileReference; lastKnownFileType = sourcecode.swift; path = AppGroupStore.swift; sourceTree = "<group>"; };
		B20000000000000000000006 /* ForgeActivityAttributes.swift */ = {isa = PBXFileReference; lastKnownFileType = sourcecode.swift; path = ForgeActivityAttributes.swift; sourceTree = "<group>"; };
		B20000000000000000000007 /* StoreManager.swift */ = {isa = PBXFileReference; lastKnownFileType = sourcecode.swift; path = StoreManager.swift; sourceTree = "<group>"; };
		B20000000000000000000008 /* EntitlementStore.swift */ = {isa = PBXFileReference; lastKnownFileType = sourcecode.swift; path = EntitlementStore.swift; sourceTree = "<group>"; };
		B20000000000000000000009 /* NotificationScheduler.swift */ = {isa = PBXFileReference; lastKnownFileType = sourcecode.swift; path = NotificationScheduler.swift; sourceTree = "<group>"; };
		B2000000000000000000000A /* LiveActivityController.swift */ = {isa = PBXFileReference; lastKnownFileType = sourcecode.swift; path = LiveActivityController.swift; sourceTree = "<group>"; };
		B2000000000000000000000B /* AchievementShareRenderer.swift */ = {isa = PBXFileReference; lastKnownFileType = sourcecode.swift; path = AchievementShareRenderer.swift; sourceTree = "<group>"; };
		B2000000000000000000000C /* SocialService.swift */ = {isa = PBXFileReference; lastKnownFileType = sourcecode.swift; path = SocialService.swift; sourceTree = "<group>"; };
		B2000000000000000000000D /* OnboardingView.swift */ = {isa = PBXFileReference; lastKnownFileType = sourcecode.swift; path = OnboardingView.swift; sourceTree = "<group>"; };
		B2000000000000000000000E /* TrailMapView.swift */ = {isa = PBXFileReference; lastKnownFileType = sourcecode.swift; path = TrailMapView.swift; sourceTree = "<group>"; };
		B2000000000000000000000F /* SocialHubView.swift */ = {isa = PBXFileReference; lastKnownFileType = sourcecode.swift; path = SocialHubView.swift; sourceTree = "<group>"; };
		B20000000000000000000010 /* SubscriptionPaywallView.swift */ = {isa = PBXFileReference; lastKnownFileType = sourcecode.swift; path = SubscriptionPaywallView.swift; sourceTree = "<group>"; };
		B20000000000000000000011 /* FocusModeSettingsView.swift */ = {isa = PBXFileReference; lastKnownFileType = sourcecode.swift; path = FocusModeSettingsView.swift; sourceTree = "<group>"; };
		B20000000000000000000012 /* WeeklyTrailMapView.swift */ = {isa = PBXFileReference; lastKnownFileType = sourcecode.swift; path = WeeklyTrailMapView.swift; sourceTree = "<group>"; };
		B20000000000000000000013 /* ForjaApp.entitlements */ = {isa = PBXFileReference; lastKnownFileType = text.plist.entitlements; path = ForjaApp.entitlements; sourceTree = "<group>"; };
		B20000000000000000000014 /* Products.storekit */ = {isa = PBXFileReference; lastKnownFileType = text; path = Products.storekit; sourceTree = "<group>"; };
		B20000000000000000000015 /* OreChallengeLadder.swift */ = {isa = PBXFileReference; lastKnownFileType = sourcecode.swift; path = OreChallengeLadder.swift; sourceTree = "<group>"; };
		B20000000000000000000016 /* MedievalBackdropView.swift */ = {isa = PBXFileReference; lastKnownFileType = sourcecode.swift; path = MedievalBackdropView.swift; sourceTree = "<group>"; };
		B20000000000000000000017 /* MedievalFocusCopy.swift */ = {isa = PBXFileReference; lastKnownFileType = sourcecode.swift; path = MedievalFocusCopy.swift; sourceTree = "<group>"; };
		B20000000000000000000018 /* MedievalYearlyQuotes.swift */ = {isa = PBXFileReference; lastKnownFileType = sourcecode.swift; path = MedievalYearlyQuotes.swift; sourceTree = "<group>"; };
		B20000000000000000000019 /* SocialStoryShare.swift */ = {isa = PBXFileReference; lastKnownFileType = sourcecode.swift; path = SocialStoryShare.swift; sourceTree = "<group>"; };
		B2000000000000000000001A /* AppleSignInService.swift */ = {isa = PBXFileReference; lastKnownFileType = sourcecode.swift; path = AppleSignInService.swift; sourceTree = "<group>"; };
		B2000000000000000000001B /* LegalViews.swift */ = {isa = PBXFileReference; lastKnownFileType = sourcecode.swift; path = LegalViews.swift; sourceTree = "<group>"; };
		B2000000000000000000001C /* PrivacyInfo.xcprivacy */ = {isa = PBXFileReference; lastKnownFileType = text.xml; path = PrivacyInfo.xcprivacy; sourceTree = "<group>"; };
		C20000000000000000000001 /* ForjaWidgetsBundle.swift */ = {isa = PBXFileReference; lastKnownFileType = sourcecode.swift; path = ForjaWidgetsBundle.swift; sourceTree = "<group>"; };
		C20000000000000000000002 /* StreakWidget.swift */ = {isa = PBXFileReference; lastKnownFileType = sourcecode.swift; path = StreakWidget.swift; sourceTree = "<group>"; };
		C20000000000000000000003 /* ForgeLiveActivity.swift */ = {isa = PBXFileReference; lastKnownFileType = sourcecode.swift; path = ForgeLiveActivity.swift; sourceTree = "<group>"; };
		C20000000000000000000004 /* Info.plist */ = {isa = PBXFileReference; lastKnownFileType = text.plist.xml; path = Info.plist; sourceTree = "<group>"; };
		C20000000000000000000005 /* ForjaWidgets.entitlements */ = {isa = PBXFileReference; lastKnownFileType = text.plist.entitlements; path = ForjaWidgets.entitlements; sourceTree = "<group>"; };
		C20000000000000000000006 /* ForjaWidgets.appex */ = {isa = PBXFileReference; explicitFileType = "wrapper.app-extension"; includeInIndex = 0; path = ForjaWidgets.appex; sourceTree = BUILT_PRODUCTS_DIR; };
		C20000000000000000000008 /* Avatars.xcassets */ = {isa = PBXFileReference; lastKnownFileType = folder.assetcatalog; path = Avatars.xcassets; sourceTree = "<group>"; };
		C20000000000000000000009 /* PrivacyInfo.xcprivacy */ = {isa = PBXFileReference; lastKnownFileType = text.xml; path = PrivacyInfo.xcprivacy; sourceTree = "<group>"; };
/* End PBXFileReference section */

/* Begin PBXFrameworksBuildPhase section */
		A30000000000000000000001 /* Frameworks */ = {
			isa = PBXFrameworksBuildPhase;
			buildActionMask = 2147483647;
			files = (
				A1000000000000000000001A /* FirebaseAuth in Frameworks */,
				A1000000000000000000001B /* FirebaseFirestore in Frameworks */,
				A10000000000000000000021 /* GoogleSignIn in Frameworks */,
			);
			runOnlyForDeploymentPostprocessing = 0;
		};
		C30000000000000000000002 /* Frameworks */ = {
			isa = PBXFrameworksBuildPhase;
			buildActionMask = 2147483647;
			files = (
			);
			runOnlyForDeploymentPostprocessing = 0;
		};
/* End PBXFrameworksBuildPhase section */

/* Begin PBXGroup section */
		A40000000000000000000001 = {
			isa = PBXGroup;
			children = (
				A40000000000000000000002 /* ForjaApp */,
				C40000000000000000000002 /* ForjaWidgets */,
				C20000000000000000000008 /* Avatars.xcassets */,
				A40000000000000000000003 /* Products */,
			);
			sourceTree = "<group>";
		};
		A40000000000000000000002 /* ForjaApp */ = {
			isa = PBXGroup;
			children = (
				A20000000000000000000001 /* ForjaAppApp.swift */,
				A20000000000000000000002 /* ContentView.swift */,
				A40000000000000000000004 /* Models */,
				A4000000000000000000000A /* Shared */,
				A40000000000000000000005 /* Services */,
				A40000000000000000000006 /* ViewModels */,
				A40000000000000000000007 /* Views */,
				A40000000000000000000008 /* Extensions */,
				A20000000000000000000019 /* Assets.xcassets */,
				B2000000000000000000001C /* PrivacyInfo.xcprivacy */,
				A2000000000000000000001A /* Info.plist */,
				A2000000000000000000001C /* GoogleService-Info.plist */,
				B20000000000000000000013 /* ForjaApp.entitlements */,
				B20000000000000000000014 /* Products.storekit */,
			);
			path = ForjaApp;
			sourceTree = "<group>";
		};
		A40000000000000000000003 /* Products */ = {
			isa = PBXGroup;
			children = (
				A2000000000000000000001B /* ForjaApp.app */,
				C20000000000000000000006 /* ForjaWidgets.appex */,
			);
			name = Products;
			sourceTree = "<group>";
		};
		A40000000000000000000004 /* Models */ = {
			isa = PBXGroup;
			children = (
				A20000000000000000000003 /* ForgeSessionState.swift */,
				A20000000000000000000004 /* ShopItem.swift */,
				A20000000000000000000005 /* UserProgress.swift */,
				A2000000000000000000001D /* UserProfile.swift */,
				B20000000000000000000001 /* MedievalAvatar.swift */,
				B20000000000000000000002 /* CosmeticCatalog.swift */,
				B20000000000000000000003 /* StoreProductID.swift */,
				B20000000000000000000004 /* SocialModels.swift */,
				B20000000000000000000015 /* OreChallengeLadder.swift */,
				B20000000000000000000017 /* MedievalFocusCopy.swift */,
				B20000000000000000000018 /* MedievalYearlyQuotes.swift */,
			);
			path = Models;
			sourceTree = "<group>";
		};
		A40000000000000000000005 /* Services */ = {
			isa = PBXGroup;
			children = (
				A20000000000000000000007 /* ForgeTimerService.swift */,
				A20000000000000000000008 /* FocusMonitor.swift */,
				A20000000000000000000009 /* ShopCatalog.swift */,
				A2000000000000000000000A /* InventoryManager.swift */,
				A2000000000000000000000B /* FirebaseManager.swift */,
				A20000000000000000000021 /* GoogleSignInService.swift */,
				B2000000000000000000001A /* AppleSignInService.swift */,
				A20000000000000000000023 /* ProfileImageStore.swift */,
				B20000000000000000000007 /* StoreManager.swift */,
				B20000000000000000000008 /* EntitlementStore.swift */,
				B20000000000000000000009 /* NotificationScheduler.swift */,
				B2000000000000000000000A /* LiveActivityController.swift */,
				B2000000000000000000000B /* AchievementShareRenderer.swift */,
				B2000000000000000000000C /* SocialService.swift */,
				B20000000000000000000019 /* SocialStoryShare.swift */,
			);
			path = Services;
			sourceTree = "<group>";
		};
		A40000000000000000000006 /* ViewModels */ = {
			isa = PBXGroup;
			children = (
				A2000000000000000000000C /* ForgeViewModel.swift */,
				A2000000000000000000001E /* ProfileViewModel.swift */,
			);
			path = ViewModels;
			sourceTree = "<group>";
		};
		A40000000000000000000007 /* Views */ = {
			isa = PBXGroup;
			children = (
				A2000000000000000000000D /* MainTabView.swift */,
				A2000000000000000000000E /* ForgeView.swift */,
				A2000000000000000000000F /* TimerSetupView.swift */,
				A20000000000000000000010 /* ResultOverlayView.swift */,
				A20000000000000000000011 /* InventoryView.swift */,
				A20000000000000000000012 /* ShopView.swift */,
				A2000000000000000000001F /* ProfileView.swift */,
				B2000000000000000000000D /* OnboardingView.swift */,
				B2000000000000000000000E /* TrailMapView.swift */,
				B2000000000000000000000F /* SocialHubView.swift */,
				B20000000000000000000010 /* SubscriptionPaywallView.swift */,
				B2000000000000000000001B /* LegalViews.swift */,
				B20000000000000000000011 /* FocusModeSettingsView.swift */,
				A40000000000000000000009 /* Components */,
			);
			path = Views;
			sourceTree = "<group>";
		};
		A40000000000000000000008 /* Extensions */ = {
			isa = PBXGroup;
			children = (
				A20000000000000000000006 /* Color+Hex.swift */,
			);
			path = Extensions;
			sourceTree = "<group>";
		};
		A40000000000000000000009 /* Components */ = {
			isa = PBXGroup;
			children = (
				A20000000000000000000013 /* ForgeBackgroundView.swift */,
				A20000000000000000000014 /* ForgeSceneView.swift */,
				A20000000000000000000015 /* ForgeFireView.swift */,
				A20000000000000000000016 /* OreForgeView.swift */,
				A20000000000000000000017 /* SparkParticlesView.swift */,
				A20000000000000000000018 /* ButtonStyles.swift */,
				A20000000000000000000020 /* AnvilView.swift */,
				A20000000000000000000022 /* FocusTimeChartView.swift */,
				A20000000000000000000024 /* ProfileAvatarView.swift */,
				B20000000000000000000012 /* WeeklyTrailMapView.swift */,
				B20000000000000000000016 /* MedievalBackdropView.swift */,
			);
			path = Components;
			sourceTree = "<group>";
		};
		A4000000000000000000000A /* Shared */ = {
			isa = PBXGroup;
			children = (
				B20000000000000000000005 /* AppGroupStore.swift */,
				B20000000000000000000006 /* ForgeActivityAttributes.swift */,
			);
			path = Shared;
			sourceTree = "<group>";
		};
		C40000000000000000000002 /* ForjaWidgets */ = {
			isa = PBXGroup;
			children = (
				C20000000000000000000001 /* ForjaWidgetsBundle.swift */,
				C20000000000000000000002 /* StreakWidget.swift */,
				C20000000000000000000003 /* ForgeLiveActivity.swift */,
				C20000000000000000000009 /* PrivacyInfo.xcprivacy */,
				C20000000000000000000004 /* Info.plist */,
				C20000000000000000000005 /* ForjaWidgets.entitlements */,
			);
			path = ForjaWidgets;
			sourceTree = "<group>";
		};
/* End PBXGroup section */

/* Begin PBXNativeTarget section */
		A60000000000000000000001 /* ForjaApp */ = {
			isa = PBXNativeTarget;
			buildConfigurationList = A80000000000000000000003 /* Build configuration list for PBXNativeTarget "ForjaApp" */;
			buildPhases = (
				A30000000000000000000002 /* Sources */,
				A30000000000000000000001 /* Frameworks */,
				A30000000000000000000003 /* Resources */,
				C40000000000000000000001 /* Embed Foundation Extensions */,
			);
			buildRules = (
			);
			dependencies = (
				C50000000000000000000001 /* PBXTargetDependency */,
			);
			name = ForjaApp;
			packageProductDependencies = (
				A50000000000000000000002 /* FirebaseAuth */,
				A50000000000000000000003 /* FirebaseFirestore */,
				A50000000000000000000005 /* GoogleSignIn */,
			);
			productName = ForjaApp;
			productReference = A2000000000000000000001B /* ForjaApp.app */;
			productType = "com.apple.product-type.application";
		};
		C60000000000000000000001 /* ForjaWidgets */ = {
			isa = PBXNativeTarget;
			buildConfigurationList = C80000000000000000000001 /* Build configuration list for PBXNativeTarget "ForjaWidgets" */;
			buildPhases = (
				C30000000000000000000003 /* Sources */,
				C30000000000000000000002 /* Frameworks */,
				C30000000000000000000004 /* Resources */,
			);
			buildRules = (
			);
			dependencies = (
			);
			name = ForjaWidgets;
			productName = ForjaWidgets;
			productReference = C20000000000000000000006 /* ForjaWidgets.appex */;
			productType = "com.apple.product-type.app-extension";
		};
/* End PBXNativeTarget section */

/* Begin PBXProject section */
		A70000000000000000000001 /* Project object */ = {
			isa = PBXProject;
			attributes = {
				BuildIndependentTargetsInParallel = 1;
				LastSwiftUpdateCheck = 1600;
				LastUpgradeCheck = 2650;
				TargetAttributes = {
					A60000000000000000000001 = {
						CreatedOnToolsVersion = 16.0;
					};
					C60000000000000000000001 = {
						CreatedOnToolsVersion = 16.0;
					};
				};
			};
			buildConfigurationList = A80000000000000000000001 /* Build configuration list for PBXProject "ForjaApp" */;
			compatibilityVersion = "Xcode 14.0";
			developmentRegion = "pt-BR";
			hasScannedForEncodings = 0;
			knownRegions = (
				en,
				Base,
				"pt-BR",
			);
			mainGroup = A40000000000000000000001;
			packageReferences = (
				A50000000000000000000001 /* XCRemoteSwiftPackageReference "firebase-ios-sdk" */,
				A50000000000000000000004 /* XCRemoteSwiftPackageReference "GoogleSignIn-iOS" */,
			);
			productRefGroup = A40000000000000000000003 /* Products */;
			projectDirPath = "";
			projectRoot = "";
			targets = (
				A60000000000000000000001 /* ForjaApp */,
				C60000000000000000000001 /* ForjaWidgets */,
			);
		};
/* End PBXProject section */

/* Begin PBXResourcesBuildPhase section */
		A30000000000000000000003 /* Resources */ = {
			isa = PBXResourcesBuildPhase;
			buildActionMask = 2147483647;
			files = (
				A10000000000000000000019 /* Assets.xcassets in Resources */,
				A10000000000000000000026 /* Avatars.xcassets in Resources */,
				A10000000000000000000027 /* PrivacyInfo.xcprivacy in Resources */,
				A1000000000000000000001C /* GoogleService-Info.plist in Resources */,
			);
			runOnlyForDeploymentPostprocessing = 0;
		};
		C30000000000000000000004 /* Resources */ = {
			isa = PBXResourcesBuildPhase;
			buildActionMask = 2147483647;
			files = (
				C10000000000000000000008 /* Avatars.xcassets in Resources */,
				C10000000000000000000009 /* PrivacyInfo.xcprivacy in Resources */,
			);
			runOnlyForDeploymentPostprocessing = 0;
		};
/* End PBXResourcesBuildPhase section */

/* Begin PBXSourcesBuildPhase section */
		A30000000000000000000002 /* Sources */ = {
			isa = PBXSourcesBuildPhase;
			buildActionMask = 2147483647;
			files = (
				A10000000000000000000001 /* ForjaAppApp.swift in Sources */,
				A10000000000000000000002 /* ContentView.swift in Sources */,
				A10000000000000000000003 /* ForgeSessionState.swift in Sources */,
				A10000000000000000000004 /* ShopItem.swift in Sources */,
				A10000000000000000000005 /* UserProgress.swift in Sources */,
				A10000000000000000000006 /* Color+Hex.swift in Sources */,
				A10000000000000000000007 /* ForgeTimerService.swift in Sources */,
				A10000000000000000000008 /* FocusMonitor.swift in Sources */,
				A10000000000000000000009 /* ShopCatalog.swift in Sources */,
				A1000000000000000000000A /* InventoryManager.swift in Sources */,
				A1000000000000000000000B /* FirebaseManager.swift in Sources */,
				A1000000000000000000000C /* ForgeViewModel.swift in Sources */,
				A1000000000000000000000D /* MainTabView.swift in Sources */,
				A1000000000000000000000E /* ForgeView.swift in Sources */,
				A1000000000000000000000F /* TimerSetupView.swift in Sources */,
				A10000000000000000000010 /* ResultOverlayView.swift in Sources */,
				A10000000000000000000011 /* InventoryView.swift in Sources */,
				A10000000000000000000012 /* ShopView.swift in Sources */,
				A10000000000000000000013 /* ForgeBackgroundView.swift in Sources */,
				A10000000000000000000014 /* ForgeSceneView.swift in Sources */,
				A10000000000000000000015 /* ForgeFireView.swift in Sources */,
				A10000000000000000000016 /* OreForgeView.swift in Sources */,
				A10000000000000000000017 /* SparkParticlesView.swift in Sources */,
				A10000000000000000000018 /* ButtonStyles.swift in Sources */,
				A1000000000000000000001D /* UserProfile.swift in Sources */,
				A1000000000000000000001E /* ProfileViewModel.swift in Sources */,
				A1000000000000000000001F /* ProfileView.swift in Sources */,
				A10000000000000000000020 /* AnvilView.swift in Sources */,
				A10000000000000000000022 /* GoogleSignInService.swift in Sources */,
				A10000000000000000000023 /* FocusTimeChartView.swift in Sources */,
				A10000000000000000000024 /* ProfileImageStore.swift in Sources */,
				A10000000000000000000025 /* ProfileAvatarView.swift in Sources */,
				B10000000000000000000001 /* MedievalAvatar.swift in Sources */,
				B10000000000000000000002 /* CosmeticCatalog.swift in Sources */,
				B10000000000000000000003 /* StoreProductID.swift in Sources */,
				B10000000000000000000004 /* SocialModels.swift in Sources */,
				B10000000000000000000005 /* AppGroupStore.swift in Sources */,
				B10000000000000000000006 /* ForgeActivityAttributes.swift in Sources */,
				B10000000000000000000007 /* StoreManager.swift in Sources */,
				B10000000000000000000008 /* EntitlementStore.swift in Sources */,
				B10000000000000000000009 /* NotificationScheduler.swift in Sources */,
				B1000000000000000000000A /* LiveActivityController.swift in Sources */,
				B1000000000000000000000B /* AchievementShareRenderer.swift in Sources */,
				B1000000000000000000000C /* SocialService.swift in Sources */,
				B1000000000000000000000D /* OnboardingView.swift in Sources */,
				B1000000000000000000000E /* TrailMapView.swift in Sources */,
				B1000000000000000000000F /* SocialHubView.swift in Sources */,
				B10000000000000000000010 /* SubscriptionPaywallView.swift in Sources */,
				B10000000000000000000011 /* FocusModeSettingsView.swift in Sources */,
				B10000000000000000000012 /* WeeklyTrailMapView.swift in Sources */,
				B10000000000000000000013 /* OreChallengeLadder.swift in Sources */,
				B10000000000000000000014 /* MedievalBackdropView.swift in Sources */,
				B10000000000000000000015 /* MedievalFocusCopy.swift in Sources */,
				B10000000000000000000016 /* MedievalYearlyQuotes.swift in Sources */,
				B10000000000000000000017 /* SocialStoryShare.swift in Sources */,
				B10000000000000000000018 /* AppleSignInService.swift in Sources */,
				B1000000000000000000001A /* LegalViews.swift in Sources */,
			);
			runOnlyForDeploymentPostprocessing = 0;
		};
		C30000000000000000000003 /* Sources */ = {
			isa = PBXSourcesBuildPhase;
			buildActionMask = 2147483647;
			files = (
				C10000000000000000000001 /* ForjaWidgetsBundle.swift in Sources */,
				C10000000000000000000002 /* StreakWidget.swift in Sources */,
				C10000000000000000000003 /* ForgeLiveActivity.swift in Sources */,
				C10000000000000000000004 /* AppGroupStore.swift in Sources */,
				C10000000000000000000005 /* ForgeActivityAttributes.swift in Sources */,
				C10000000000000000000006 /* Color+Hex.swift in Sources */,
			);
			runOnlyForDeploymentPostprocessing = 0;
		};
/* End PBXSourcesBuildPhase section */

/* Begin PBXTargetDependency section */
		C50000000000000000000001 /* PBXTargetDependency */ = {
			isa = PBXTargetDependency;
			target = C60000000000000000000001 /* ForjaWidgets */;
			targetProxy = C30000000000000000000001 /* PBXContainerItemProxy */;
		};
/* End PBXTargetDependency section */

/* Begin XCBuildConfiguration section */
		A90000000000000000000001 /* Debug */ = {
			isa = XCBuildConfiguration;
			buildSettings = {
				ALWAYS_SEARCH_USER_PATHS = NO;
				ASSETCATALOG_COMPILER_GENERATE_SWIFT_ASSET_SYMBOL_EXTENSIONS = YES;
				CLANG_ANALYZER_LOCALIZABILITY_NONLOCALIZED = YES;
				CLANG_ANALYZER_NONNULL = YES;
				CLANG_ENABLE_MODULES = YES;
				CLANG_ENABLE_OBJC_ARC = YES;
				CLANG_WARN_BLOCK_CAPTURE_AUTORELEASING = YES;
				CLANG_WARN_BOOL_CONVERSION = YES;
				CLANG_WARN_COMMA = YES;
				CLANG_WARN_CONSTANT_CONVERSION = YES;
				CLANG_WARN_DEPRECATED_OBJC_IMPLEMENTATIONS = YES;
				CLANG_WARN_EMPTY_BODY = YES;
				CLANG_WARN_ENUM_CONVERSION = YES;
				CLANG_WARN_INFINITE_RECURSION = YES;
				CLANG_WARN_INT_CONVERSION = YES;
				CLANG_WARN_NON_LITERAL_NULL_CONVERSION = YES;
				CLANG_WARN_OBJC_IMPLICIT_RETAIN_SELF = YES;
				CLANG_WARN_OBJC_LITERAL_CONVERSION = YES;
				CLANG_WARN_QUOTED_INCLUDE_IN_FRAMEWORK_HEADER = YES;
				CLANG_WARN_RANGE_LOOP_ANALYSIS = YES;
				CLANG_WARN_STRICT_PROTOTYPES = YES;
				CLANG_WARN_SUSPICIOUS_MOVE = YES;
				CLANG_WARN_UNREACHABLE_CODE = YES;
				CLANG_WARN__DUPLICATE_METHOD_MATCH = YES;
				COPY_PHASE_STRIP = NO;
				DEBUG_INFORMATION_FORMAT = dwarf;
				ENABLE_STRICT_OBJC_MSGSEND = YES;
				ENABLE_TESTABILITY = YES;
				ENABLE_USER_SCRIPT_SANDBOXING = YES;
				GCC_DYNAMIC_NO_PIC = NO;
				GCC_NO_COMMON_BLOCKS = YES;
				GCC_OPTIMIZATION_LEVEL = 0;
				GCC_PREPROCESSOR_DEFINITIONS = (
					"DEBUG=1",
					"$(inherited)",
				);
				GCC_WARN_64_TO_32_BIT_CONVERSION = YES;
				GCC_WARN_ABOUT_RETURN_TYPE = YES;
				GCC_WARN_UNDECLARED_SELECTOR = YES;
				GCC_WARN_UNINITIALIZED_AUTOS = YES;
				GCC_WARN_UNUSED_FUNCTION = YES;
				GCC_WARN_UNUSED_VARIABLE = YES;
				IPHONEOS_DEPLOYMENT_TARGET = 17.0;
				MTL_ENABLE_DEBUG_INFO = INCLUDE_SOURCE;
				ONLY_ACTIVE_ARCH = YES;
				SDKROOT = iphoneos;
				STRING_CATALOG_GENERATE_SYMBOLS = YES;
				SWIFT_ACTIVE_COMPILATION_CONDITIONS = "DEBUG $(inherited)";
				SWIFT_OPTIMIZATION_LEVEL = "-Onone";
			};
			name = Debug;
		};
		A90000000000000000000002 /* Release */ = {
			isa = XCBuildConfiguration;
			buildSettings = {
				ALWAYS_SEARCH_USER_PATHS = NO;
				ASSETCATALOG_COMPILER_GENERATE_SWIFT_ASSET_SYMBOL_EXTENSIONS = YES;
				CLANG_ANALYZER_LOCALIZABILITY_NONLOCALIZED = YES;
				CLANG_ANALYZER_NONNULL = YES;
				CLANG_ENABLE_MODULES = YES;
				CLANG_ENABLE_OBJC_ARC = YES;
				CLANG_WARN_BLOCK_CAPTURE_AUTORELEASING = YES;
				CLANG_WARN_BOOL_CONVERSION = YES;
				CLANG_WARN_COMMA = YES;
				CLANG_WARN_CONSTANT_CONVERSION = YES;
				CLANG_WARN_DEPRECATED_OBJC_IMPLEMENTATIONS = YES;
				CLANG_WARN_EMPTY_BODY = YES;
				CLANG_WARN_ENUM_CONVERSION = YES;
				CLANG_WARN_INFINITE_RECURSION = YES;
				CLANG_WARN_INT_CONVERSION = YES;
				CLANG_WARN_NON_LITERAL_NULL_CONVERSION = YES;
				CLANG_WARN_OBJC_IMPLICIT_RETAIN_SELF = YES;
				CLANG_WARN_OBJC_LITERAL_CONVERSION = YES;
				CLANG_WARN_QUOTED_INCLUDE_IN_FRAMEWORK_HEADER = YES;
				CLANG_WARN_RANGE_LOOP_ANALYSIS = YES;
				CLANG_WARN_STRICT_PROTOTYPES = YES;
				CLANG_WARN_SUSPICIOUS_MOVE = YES;
				CLANG_WARN_UNREACHABLE_CODE = YES;
				CLANG_WARN__DUPLICATE_METHOD_MATCH = YES;
				COPY_PHASE_STRIP = NO;
				DEBUG_INFORMATION_FORMAT = "dwarf-with-dsym";
				ENABLE_NS_ASSERTIONS = NO;
				ENABLE_STRICT_OBJC_MSGSEND = YES;
				ENABLE_USER_SCRIPT_SANDBOXING = YES;
				GCC_NO_COMMON_BLOCKS = YES;
				GCC_OPTIMIZATION_LEVEL = s;
				GCC_WARN_64_TO_32_BIT_CONVERSION = YES;
				GCC_WARN_ABOUT_RETURN_TYPE = YES;
				GCC_WARN_UNDECLARED_SELECTOR = YES;
				GCC_WARN_UNINITIALIZED_AUTOS = YES;
				GCC_WARN_UNUSED_FUNCTION = YES;
				GCC_WARN_UNUSED_VARIABLE = YES;
				IPHONEOS_DEPLOYMENT_TARGET = 17.0;
				MTL_ENABLE_DEBUG_INFO = NO;
				SDKROOT = iphoneos;
				STRING_CATALOG_GENERATE_SYMBOLS = YES;
				SWIFT_COMPILATION_MODE = wholemodule;
				VALIDATE_PRODUCT = YES;
			};
			name = Release;
		};
		A90000000000000000000003 /* Debug */ = {
			isa = XCBuildConfiguration;
			buildSettings = {
				ASSETCATALOG_COMPILER_APPICON_NAME = AppIcon;
				ASSETCATALOG_COMPILER_GLOBAL_ACCENT_COLOR_NAME = AccentColor;
				CODE_SIGN_ENTITLEMENTS = ForjaApp/ForjaApp.entitlements;
				CODE_SIGN_IDENTITY = "Apple Development";
				CODE_SIGN_STYLE = Automatic;
				CURRENT_PROJECT_VERSION = 1;
				DEVELOPMENT_TEAM = A56XUZKJFJ;
				ENABLE_PREVIEWS = YES;
				GENERATE_INFOPLIST_FILE = NO;
				INFOPLIST_FILE = ForjaApp/Info.plist;
				INFOPLIST_KEY_LSApplicationCategoryType = "public.app-category.productivity";
				INFOPLIST_KEY_UIApplicationSupportsIndirectInputEvents = YES;
				IPHONEOS_DEPLOYMENT_TARGET = 18.6;
				LD_RUNPATH_SEARCH_PATHS = (
					"$(inherited)",
					"@executable_path/Frameworks",
				);
				MARKETING_VERSION = 1.0;
				PRODUCT_BUNDLE_IDENTIFIER = com.lindenbergbrito.forja;
				PRODUCT_NAME = "$(TARGET_NAME)";
				PROVISIONING_PROFILE_SPECIFIER = "";
				SUPPORTED_PLATFORMS = "iphoneos iphonesimulator";
				SUPPORTS_MACCATALYST = NO;
				SWIFT_EMIT_LOC_STRINGS = YES;
				SWIFT_VERSION = 5.0;
				TARGETED_DEVICE_FAMILY = 1;
			};
			name = Debug;
		};
		A90000000000000000000004 /* Release */ = {
			isa = XCBuildConfiguration;
			buildSettings = {
				ASSETCATALOG_COMPILER_APPICON_NAME = AppIcon;
				ASSETCATALOG_COMPILER_GLOBAL_ACCENT_COLOR_NAME = AccentColor;
				CODE_SIGN_ENTITLEMENTS = ForjaApp/ForjaApp.entitlements;
				CODE_SIGN_IDENTITY = "Apple Development";
				CODE_SIGN_STYLE = Automatic;
				CURRENT_PROJECT_VERSION = 1;
				DEVELOPMENT_TEAM = A56XUZKJFJ;
				ENABLE_PREVIEWS = YES;
				GENERATE_INFOPLIST_FILE = NO;
				INFOPLIST_FILE = ForjaApp/Info.plist;
				INFOPLIST_KEY_LSApplicationCategoryType = "public.app-category.productivity";
				INFOPLIST_KEY_UIApplicationSupportsIndirectInputEvents = YES;
				IPHONEOS_DEPLOYMENT_TARGET = 18.6;
				LD_RUNPATH_SEARCH_PATHS = (
					"$(inherited)",
					"@executable_path/Frameworks",
				);
				MARKETING_VERSION = 1.0;
				PRODUCT_BUNDLE_IDENTIFIER = com.lindenbergbrito.forja;
				PRODUCT_NAME = "$(TARGET_NAME)";
				PROVISIONING_PROFILE_SPECIFIER = "";
				SUPPORTED_PLATFORMS = "iphoneos iphonesimulator";
				SUPPORTS_MACCATALYST = NO;
				SWIFT_EMIT_LOC_STRINGS = YES;
				SWIFT_VERSION = 5.0;
				TARGETED_DEVICE_FAMILY = 1;
			};
			name = Release;
		};
		C90000000000000000000001 /* Debug */ = {
			isa = XCBuildConfiguration;
			buildSettings = {
				CODE_SIGN_ENTITLEMENTS = ForjaWidgets/ForjaWidgets.entitlements;
				CODE_SIGN_STYLE = Automatic;
				CURRENT_PROJECT_VERSION = 1;
				DEVELOPMENT_TEAM = A56XUZKJFJ;
				GENERATE_INFOPLIST_FILE = NO;
				INFOPLIST_FILE = ForjaWidgets/Info.plist;
				IPHONEOS_DEPLOYMENT_TARGET = 18.6;
				LD_RUNPATH_SEARCH_PATHS = (
					"$(inherited)",
					"@executable_path/Frameworks",
					"@executable_path/../../Frameworks",
				);
				MARKETING_VERSION = 1.0;
				PRODUCT_BUNDLE_IDENTIFIER = com.lindenbergbrito.forja.widgets;
				PRODUCT_NAME = "$(TARGET_NAME)";
				SKIP_INSTALL = YES;
				SUPPORTED_PLATFORMS = "iphoneos iphonesimulator";
				SUPPORTS_MACCATALYST = NO;
				SWIFT_EMIT_LOC_STRINGS = YES;
				SWIFT_VERSION = 5.0;
				TARGETED_DEVICE_FAMILY = 1;
			};
			name = Debug;
		};
		C90000000000000000000002 /* Release */ = {
			isa = XCBuildConfiguration;
			buildSettings = {
				CODE_SIGN_ENTITLEMENTS = ForjaWidgets/ForjaWidgets.entitlements;
				CODE_SIGN_STYLE = Automatic;
				CURRENT_PROJECT_VERSION = 1;
				DEVELOPMENT_TEAM = A56XUZKJFJ;
				GENERATE_INFOPLIST_FILE = NO;
				INFOPLIST_FILE = ForjaWidgets/Info.plist;
				IPHONEOS_DEPLOYMENT_TARGET = 18.6;
				LD_RUNPATH_SEARCH_PATHS = (
					"$(inherited)",
					"@executable_path/Frameworks",
					"@executable_path/../../Frameworks",
				);
				MARKETING_VERSION = 1.0;
				PRODUCT_BUNDLE_IDENTIFIER = com.lindenbergbrito.forja.widgets;
				PRODUCT_NAME = "$(TARGET_NAME)";
				SKIP_INSTALL = YES;
				SUPPORTED_PLATFORMS = "iphoneos iphonesimulator";
				SUPPORTS_MACCATALYST = NO;
				SWIFT_EMIT_LOC_STRINGS = YES;
				SWIFT_VERSION = 5.0;
				TARGETED_DEVICE_FAMILY = 1;
			};
			name = Release;
		};
/* End XCBuildConfiguration section */

/* Begin XCConfigurationList section */
		A80000000000000000000001 /* Build configuration list for PBXProject "ForjaApp" */ = {
			isa = XCConfigurationList;
			buildConfigurations = (
				A90000000000000000000001 /* Debug */,
				A90000000000000000000002 /* Release */,
			);
			defaultConfigurationIsVisible = 0;
			defaultConfigurationName = Release;
		};
		A80000000000000000000003 /* Build configuration list for PBXNativeTarget "ForjaApp" */ = {
			isa = XCConfigurationList;
			buildConfigurations = (
				A90000000000000000000003 /* Debug */,
				A90000000000000000000004 /* Release */,
			);
			defaultConfigurationIsVisible = 0;
			defaultConfigurationName = Release;
		};
		C80000000000000000000001 /* Build configuration list for PBXNativeTarget "ForjaWidgets" */ = {
			isa = XCConfigurationList;
			buildConfigurations = (
				C90000000000000000000001 /* Debug */,
				C90000000000000000000002 /* Release */,
			);
			defaultConfigurationIsVisible = 0;
			defaultConfigurationName = Release;
		};
/* End XCConfigurationList section */

/* Begin XCRemoteSwiftPackageReference section */
		A50000000000000000000001 /* XCRemoteSwiftPackageReference "firebase-ios-sdk" */ = {
			isa = XCRemoteSwiftPackageReference;
			repositoryURL = "https://github.com/firebase/firebase-ios-sdk";
			requirement = {
				kind = upToNextMajorVersion;
				minimumVersion = 11.0.0;
			};
		};
		A50000000000000000000004 /* XCRemoteSwiftPackageReference "GoogleSignIn-iOS" */ = {
			isa = XCRemoteSwiftPackageReference;
			repositoryURL = "https://github.com/google/GoogleSignIn-iOS";
			requirement = {
				kind = upToNextMajorVersion;
				minimumVersion = 8.0.0;
			};
		};
/* End XCRemoteSwiftPackageReference section */

/* Begin XCSwiftPackageProductDependency section */
		A50000000000000000000002 /* FirebaseAuth */ = {
			isa = XCSwiftPackageProductDependency;
			package = A50000000000000000000001 /* XCRemoteSwiftPackageReference "firebase-ios-sdk" */;
			productName = FirebaseAuth;
		};
		A50000000000000000000003 /* FirebaseFirestore */ = {
			isa = XCSwiftPackageProductDependency;
			package = A50000000000000000000001 /* XCRemoteSwiftPackageReference "firebase-ios-sdk" */;
			productName = FirebaseFirestore;
		};
		A50000000000000000000005 /* GoogleSignIn */ = {
			isa = XCSwiftPackageProductDependency;
			package = A50000000000000000000004 /* XCRemoteSwiftPackageReference "GoogleSignIn-iOS" */;
			productName = GoogleSignIn;
		};
/* End XCSwiftPackageProductDependency section */
	};
	rootObject = A70000000000000000000001 /* Project object */;
}
